
Microsoft Visual Studio Solution File, Format Version 12.00
# Visual Studio Version 16
VisualStudioVersion = 16.0.31019.35
MinimumVisualStudioVersion = 10.0.40219.1
Project("{FAE04EC0-301F-11D3-BF4B-00C04F79EFBC}") = "FrameworkFragments.MethodResponse", "FrameworkFragments.MethodResponse\FrameworkFragments.MethodResponse.csproj", "{B459BF82-37C9-47E7-B3A0-78D85A35650D}"
EndProject
Project("{FAE04EC0-301F-11D3-BF4B-00C04F79EFBC}") = "FrameworkFragments.MethodResponse.Test", "FrameworkFragments.MethodResponse.Test\FrameworkFragments.MethodResponse.Test.csproj", "{591C1299-1DBF-40CA-B1C6-0B38A679EA2B}"
EndProject
Global
	GlobalSection(SolutionConfigurationPlatforms) = preSolution
		Debug|Any CPU = Debug|Any CPU
		Release|Any CPU = Release|Any CPU
	EndGlobalSection
	GlobalSection(ProjectConfigurationPlatforms) = postSolution
		{B459BF82-37C9-47E7-B3A0-78D85A35650D}.Debug|Any CPU.ActiveCfg = Debug|Any CPU
		{B459BF82-37C9-47E7-B3A0-78D85A35650D}.Debug|Any CPU.Build.0 = Debug|Any CPU
		{B459BF82-37C9-47E7-B3A0-78D85A35650D}.Release|Any CPU.ActiveCfg = Release|Any CPU
		{B459BF82-37C9-47E7-B3A0-78D85A35650D}.Release|Any CPU.Build.0 = Release|Any CPU
		{591C1299-1DBF-40CA-B1C6-0B38A679EA2B}.Debug|Any CPU.ActiveCfg = Debug|Any CPU
		{591C1299-1DBF-40CA-B1C6-0B38A679EA2B}.Debug|Any CPU.Build.0 = Debug|Any CPU
		{591C1299-1DBF-40CA-B1C6-0B38A679EA2B}.Release|Any CPU.ActiveCfg = Release|Any CPU
		{591C1299-1DBF-40CA-B1C6-0B38A679EA2B}.Release|Any CPU.Build.0 = Release|Any CPU
	EndGlobalSection
	GlobalSection(SolutionProperties) = preSolution
		HideSolutionNode = FALSE
	EndGlobalSection
	GlobalSection(ExtensibilityGlobals) = postSolution
		SolutionGuid = {F911C43E-6A0C-40BC-A6D3-1A82CC8E3E03}
	EndGlobalSection
EndGlobal
